// !$*UTF8*$!
{
	archiveVersion = 1;
	classes = {
	};
	objectVersion = 56;
	objects = {

/* Begin PBXBuildFile section */
		641E8F992A74526700079E8C /* SelectVerbTableViewCell.swift in Sources */ = {isa = PBXBuildFile; fileRef = 641E8F982A74526700079E8C /* SelectVerbTableViewCell.swift */; };
		641E8F9B2A74581B00079E8C /* UIView+Ex.swift in Sources */ = {isa = PBXBuildFile; fileRef = 641E8F9A2A74581B00079E8C /* UIView+Ex.swift */; };
		641E8F9D2A7458C000079E8C /* UIStackView+Ex.swift in Sources */ = {isa = PBXBuildFile; fileRef = 641E8F9C2A7458C000079E8C /* UIStackView+Ex.swift */; };
		641E8FA72A745EDA00079E8C /* Verb.swift in Sources */ = {isa = PBXBuildFile; fileRef = 641E8FA52A745EDA00079E8C /* Verb.swift */; };
		641E8FA82A745EDA00079E8C /* IrregularVerbs.swift in Sources */ = {isa = PBXBuildFile; fileRef = 641E8FA62A745EDA00079E8C /* IrregularVerbs.swift */; };
		643477AA2A74466800682B6F /* SnapKit in Frameworks */ = {isa = PBXBuildFile; productRef = 643477A92A74466800682B6F /* SnapKit */; };
		647B8F1F2A73F61F0053AB9B /* AppDelegate.swift in Sources */ = {isa = PBXBuildFile; fileRef = 647B8F1E2A73F61F0053AB9B /* AppDelegate.swift */; };
		647B8F232A73F61F0053AB9B /* HomeViewController.swift in Sources */ = {isa = PBXBuildFile; fileRef = 647B8F222A73F61F0053AB9B /* HomeViewController.swift */; };
		647B8F282A73F61F0053AB9B /* Assets.xcassets in Resources */ = {isa = PBXBuildFile; fileRef = 647B8F272A73F61F0053AB9B /* Assets.xcassets */; };
		647B8F2B2A73F61F0053AB9B /* LaunchScreen.storyboard in Resources */ = {isa = PBXBuildFile; fileRef = 647B8F292A73F61F0053AB9B /* LaunchScreen.storyboard */; };
		647B8F332A73FB9C0053AB9B /* String+Ex.swift in Sources */ = {isa = PBXBuildFile; fileRef = 647B8F322A73FB9C0053AB9B /* String+Ex.swift */; };
		647B8F392A73FC070053AB9B /* Localizable.strings in Resources */ = {isa = PBXBuildFile; fileRef = 647B8F3B2A73FC070053AB9B /* Localizable.strings */; };
		647B8F402A740CE20053AB9B /* SelectVerbsViewController.swift in Sources */ = {isa = PBXBuildFile; fileRef = 647B8F3F2A740CE20053AB9B /* SelectVerbsViewController.swift */; };
		647B8F422A740D2B0053AB9B /* TrainViewController.swift in Sources */ = {isa = PBXBuildFile; fileRef = 647B8F412A740D2B0053AB9B /* TrainViewController.swift */; };
/* End PBXBuildFile section */

/* Begin PBXFileReference section */
		641E8F982A74526700079E8C /* SelectVerbTableViewCell.swift */ = {isa = PBXFileReference; lastKnownFileType = sourcecode.swift; path = SelectVerbTableViewCell.swift; sourceTree = "<group>"; };
		641E8F9A2A74581B00079E8C /* UIView+Ex.swift */ = {isa = PBXFileReference; lastKnownFileType = sourcecode.swift; path = "UIView+Ex.swift"; sourceTree = "<group>"; };
		641E8F9C2A7458C000079E8C /* UIStackView+Ex.swift */ = {isa = PBXFileReference; lastKnownFileType = sourcecode.swift; path = "UIStackView+Ex.swift"; sourceTree = "<group>"; };
		641E8FA52A745EDA00079E8C /* Verb.swift */ = {isa = PBXFileReference; fileEncoding = 4; lastKnownFileType = sourcecode.swift; path = Verb.swift; sourceTree = "<group>"; };
		641E8FA62A745EDA00079E8C /* IrregularVerbs.swift */ = {isa = PBXFileReference; fileEncoding = 4; lastKnownFileType = sourcecode.swift; path = IrregularVerbs.swift; sourceTree = "<group>"; };
		647B8F1B2A73F61F0053AB9B /* Verregular.app */ = {isa = PBXFileReference; explicitFileType = wrapper.application; includeInIndex = 0; path = Verregular.app; sourceTree = BUILT_PRODUCTS_DIR; };
		647B8F1E2A73F61F0053AB9B /* AppDelegate.swift */ = {isa = PBXFileReference; lastKnownFileType = sourcecode.swift; path = AppDelegate.swift; sourceTree = "<group>"; };
		647B8F222A73F61F0053AB9B /* HomeViewController.swift */ = {isa = PBXFileReference; lastKnownFileType = sourcecode.swift; path = HomeViewController.swift; sourceTree = "<group>"; };
		647B8F272A73F61F0053AB9B /* Assets.xcassets */ = {isa = PBXFileReference; lastKnownFileType = folder.assetcatalog; path = Assets.xcassets; sourceTree = "<group>"; };
		647B8F2A2A73F61F0053AB9B /* Base */ = {isa = PBXFileReference; lastKnownFileType = file.storyboard; name = Base; path = Base.lproj/LaunchScreen.storyboard; sourceTree = "<group>"; };
		647B8F2C2A73F61F0053AB9B /* Info.plist */ = {isa = PBXFileReference; lastKnownFileType = text.plist.xml; path = Info.plist; sourceTree = "<group>"; };
		647B8F322A73FB9C0053AB9B /* String+Ex.swift */ = {isa = PBXFileReference; lastKnownFileType = sourcecode.swift; path = "String+Ex.swift"; sourceTree = "<group>"; };
		647B8F3A2A73FC070053AB9B /* en */ = {isa = PBXFileReference; lastKnownFileType = text.plist.strings; name = en; path = en.lproj/Localizable.strings; sourceTree = "<group>"; };
		647B8F3C2A73FC450053AB9B /* ru */ = {isa = PBXFileReference; lastKnownFileType = text.plist.strings; name = ru; path = ru.lproj/Localizable.strings; sourceTree = "<group>"; };
		647B8F3F2A740CE20053AB9B /* SelectVerbsViewController.swift */ = {isa = PBXFileReference; lastKnownFileType = sourcecode.swift; path = SelectVerbsViewController.swift; sourceTree = "<group>"; };
		647B8F412A740D2B0053AB9B /* TrainViewController.swift */ = {isa = PBXFileReference; lastKnownFileType = sourcecode.swift; path = TrainViewController.swift; sourceTree = "<group>"; };
/* End PBXFileReference section */

/* Begin PBXFrameworksBuildPhase section */
		647B8F182A73F61F0053AB9B /* Frameworks */ = {
			isa = PBXFrameworksBuildPhase;
			buildActionMask = 2147483647;
			files = (
				643477AA2A74466800682B6F /* SnapKit in Frameworks */,
			);
			runOnlyForDeploymentPostprocessing = 0;
		};
/* End PBXFrameworksBuildPhase section */

/* Begin PBXGroup section */
		641E8F9E2A745C3200079E8C /* View */ = {
			isa = PBXGroup;
			children = (
				641E8F982A74526700079E8C /* SelectVerbTableViewCell.swift */,
			);
			path = View;
			sourceTree = "<group>";
		};
		641E8F9F2A745C3C00079E8C /* Controller */ = {
			isa = PBXGroup;
			children = (
				647B8F3F2A740CE20053AB9B /* SelectVerbsViewController.swift */,
			);
			path = Controller;
			sourceTree = "<group>";
		};
		641E8FA42A745E9500079E8C /* Model */ = {
			isa = PBXGroup;
			children = (
				641E8FA52A745EDA00079E8C /* Verb.swift */,
				641E8FA62A745EDA00079E8C /* IrregularVerbs.swift */,
			);
			path = Model;
			sourceTree = "<group>";
		};
		647B8F122A73F61F0053AB9B = {
			isa = PBXGroup;
			children = (
				647B8F1D2A73F61F0053AB9B /* Verregular */,
				647B8F1C2A73F61F0053AB9B /* Products */,
			);
			sourceTree = "<group>";
		};
		647B8F1C2A73F61F0053AB9B /* Products */ = {
			isa = PBXGroup;
			children = (
				647B8F1B2A73F61F0053AB9B /* Verregular.app */,
			);
			name = Products;
			sourceTree = "<group>";
		};
		647B8F1D2A73F61F0053AB9B /* Verregular */ = {
			isa = PBXGroup;
			children = (
				64FB00132AF57A4F00FCB4D7 /* Application */,
				647B8F362A73FBB40053AB9B /* Home */,
				647B8F432A740D3A0053AB9B /* Select */,
				647B8F442A740D400053AB9B /* Train */,
				647B8F342A73FBA20053AB9B /* Extensions */,
				647B8F3B2A73FC070053AB9B /* Localizable.strings */,
				64FB00122AF579FD00FCB4D7 /* Resources */,
			);
			path = Verregular;
			sourceTree = "<group>";
		};
		647B8F342A73FBA20053AB9B /* Extensions */ = {
			isa = PBXGroup;
			children = (
				647B8F322A73FB9C0053AB9B /* String+Ex.swift */,
				641E8F9A2A74581B00079E8C /* UIView+Ex.swift */,
				641E8F9C2A7458C000079E8C /* UIStackView+Ex.swift */,
			);
			path = Extensions;
			sourceTree = "<group>";
		};
		647B8F352A73FBAD0053AB9B /* Controller */ = {
			isa = PBXGroup;
			children = (
				647B8F222A73F61F0053AB9B /* HomeViewController.swift */,
			);
			path = Controller;
			sourceTree = "<group>";
		};
		647B8F362A73FBB40053AB9B /* Home */ = {
			isa = PBXGroup;
			children = (
				647B8F352A73FBAD0053AB9B /* Controller */,
			);
			path = Home;
			sourceTree = "<group>";
		};
		647B8F432A740D3A0053AB9B /* Select */ = {
			isa = PBXGroup;
			children = (
				641E8FA42A745E9500079E8C /* Model */,
				641E8F9E2A745C3200079E8C /* View */,
				641E8F9F2A745C3C00079E8C /* Controller */,
			);
			path = Select;
			sourceTree = "<group>";
		};
		647B8F442A740D400053AB9B /* Train */ = {
			isa = PBXGroup;
			children = (
				64FB00142AF57A6800FCB4D7 /* Controller */,
			);
			path = Train;
			sourceTree = "<group>";
		};
		64FB00122AF579FD00FCB4D7 /* Resources */ = {
			isa = PBXGroup;
			children = (
				647B8F292A73F61F0053AB9B /* LaunchScreen.storyboard */,
				647B8F272A73F61F0053AB9B /* Assets.xcassets */,
				647B8F2C2A73F61F0053AB9B /* Info.plist */,
			);
			path = Resources;
			sourceTree = "<group>";
		};
		64FB00132AF57A4F00FCB4D7 /* Application */ = {
			isa = PBXGroup;
			children = (
				647B8F1E2A73F61F0053AB9B /* AppDelegate.swift */,
			);
			path = Application;
			sourceTree = "<group>";
		};
		64FB00142AF57A6800FCB4D7 /* Controller */ = {
			isa = PBXGroup;
			children = (
				647B8F412A740D2B0053AB9B /* TrainViewController.swift */,
			);
			path = Controller;
			sourceTree = "<group>";
		};
/* End PBXGroup section */

/* Begin PBXNativeTarget section */
		647B8F1A2A73F61F0053AB9B /* Verregular */ = {
			isa = PBXNativeTarget;
			buildConfigurationList = 647B8F2F2A73F61F0053AB9B /* Build configuration list for PBXNativeTarget "Verregular" */;
			buildPhases = (
				647B8F172A73F61F0053AB9B /* Sources */,
				647B8F182A73F61F0053AB9B /* Frameworks */,
				647B8F192A73F61F0053AB9B /* Resources */,
			);
			buildRules = (
			);
			dependencies = (
			);
			name = Verregular;
			packageProductDependencies = (
				643477A92A74466800682B6F /* SnapKit */,
			);
			productName = Verregular;
			productReference = 647B8F1B2A73F61F0053AB9B /* Verregular.app */;
			productType = "com.apple.product-type.application";
		};
/* End PBXNativeTarget section */

/* Begin PBXProject section */
		647B8F132A73F61F0053AB9B /* Project object */ = {
			isa = PBXProject;
			attributes = {
				BuildIndependentTargetsInParallel = 1;
				LastSwiftUpdateCheck = 1430;
				LastUpgradeCheck = 1500;
				TargetAttributes = {
					647B8F1A2A73F61F0053AB9B = {
						CreatedOnToolsVersion = 14.3.1;
					};
				};
			};
			buildConfigurationList = 647B8F162A73F61F0053AB9B /* Build configuration list for PBXProject "Verregular" */;
			compatibilityVersion = "Xcode 14.0";
			developmentRegion = en;
			hasScannedForEncodings = 0;
			knownRegions = (
				en,
				Base,
				ru,
			);
			mainGroup = 647B8F122A73F61F0053AB9B;
			packageReferences = (
				643477A82A74466800682B6F /* XCRemoteSwiftPackageReference "Snapkit" */,
			);
			productRefGroup = 647B8F1C2A73F61F0053AB9B /* Products */;
			projectDirPath = "";
			projectRoot = "";
			targets = (
				647B8F1A2A73F61F0053AB9B /* Verregular */,
			);
		};
/* End PBXProject section */

/* Begin PBXResourcesBuildPhase section */
		647B8F192A73F61F0053AB9B /* Resources */ = {
			isa = PBXResourcesBuildPhase;
			buildActionMask = 2147483647;
			files = (
				647B8F2B2A73F61F0053AB9B /* LaunchScreen.storyboard in Resources */,
				647B8F392A73FC070053AB9B /* Localizable.strings in Resources */,
				647B8F282A73F61F0053AB9B /* Assets.xcassets in Resources */,
			);
			runOnlyForDeploymentPostprocessing = 0;
		};
/* End PBXResourcesBuildPhase section */

/* Begin PBXSourcesBuildPhase section */
		647B8F172A73F61F0053AB9B /* Sources */ = {
			isa = PBXSourcesBuildPhase;
			buildActionMask = 2147483647;
			files = (
				641E8F992A74526700079E8C /* SelectVerbTableViewCell.swift in Sources */,
				647B8F332A73FB9C0053AB9B /* String+Ex.swift in Sources */,
				641E8FA82A745EDA00079E8C /* IrregularVerbs.swift in Sources */,
				647B8F232A73F61F0053AB9B /* HomeViewController.swift in Sources */,
				647B8F422A740D2B0053AB9B /* TrainViewController.swift in Sources */,
				647B8F1F2A73F61F0053AB9B /* AppDelegate.swift in Sources */,
				647B8F402A740CE20053AB9B /* SelectVerbsViewController.swift in Sources */,
				641E8F9D2A7458C000079E8C /* UIStackView+Ex.swift in Sources */,
				641E8F9B2A74581B00079E8C /* UIView+Ex.swift in Sources */,
				641E8FA72A745EDA00079E8C /* Verb.swift in Sources */,
			);
			runOnlyForDeploymentPostprocessing = 0;
		};
/* End PBXSourcesBuildPhase section */

/* Begin PBXVariantGroup section */
		647B8F292A73F61F0053AB9B /* LaunchScreen.storyboard */ = {
			isa = PBXVariantGroup;
			children = (
				647B8F2A2A73F61F0053AB9B /* Base */,
			);
			name = LaunchScreen.storyboard;
			sourceTree = "<group>";
		};
		647B8F3B2A73FC070053AB9B /* Localizable.strings */ = {
			isa = PBXVariantGroup;
			children = (
				647B8F3A2A73FC070053AB9B /* en */,
				647B8F3C2A73FC450053AB9B /* ru */,
			);
			name = Localizable.strings;
			sourceTree = "<group>";
		};
/* End PBXVariantGroup section */

/* Begin XCBuildConfiguration section */
		647B8F2D2A73F61F0053AB9B /* Debug */ = {
			isa = XCBuildConfiguration;
			buildSettings = {
				ALWAYS_SEARCH_USER_PATHS = NO;
				CLANG_ANALYZER_LOCALIZABILITY_NONLOCALIZED = YES;
				CLANG_ANALYZER_NONNULL = YES;
				CLANG_ANALYZER_NUMBER_OBJECT_CONVERSION = YES_AGGRESSIVE;
				CLANG_CXX_LANGUAGE_STANDARD = "gnu++20";
				CLANG_ENABLE_MODULES = YES;
				CLANG_ENABLE_OBJC_ARC = YES;
				CLANG_ENABLE_OBJC_WEAK = YES;
				CLANG_WARN_BLOCK_CAPTURE_AUTORELEASING = YES;
				CLANG_WARN_BOOL_CONVERSION = YES;
				CLANG_WARN_COMMA = YES;
				CLANG_WARN_CONSTANT_CONVERSION = YES;
				CLANG_WARN_DEPRECATED_OBJC_IMPLEMENTATIONS = YES;
				CLANG_WARN_DIRECT_OBJC_ISA_USAGE = YES_ERROR;
				CLANG_WARN_DOCUMENTATION_COMMENTS = YES;
				CLANG_WARN_EMPTY_BODY = YES;
				CLANG_WARN_ENUM_CONVERSION = YES;
				CLANG_WARN_INFINITE_RECURSION = YES;
				CLANG_WARN_INT_CONVERSION = YES;
				CLANG_WARN_NON_LITERAL_NULL_CONVERSION = YES;
				CLANG_WARN_OBJC_IMPLICIT_RETAIN_SELF = YES;
				CLANG_WARN_OBJC_LITERAL_CONVERSION = YES;
				CLANG_WARN_OBJC_ROOT_CLASS = YES_ERROR;
				CLANG_WARN_QUOTED_INCLUDE_IN_FRAMEWORK_HEADER = YES;
				CLANG_WARN_RANGE_LOOP_ANALYSIS = YES;
				CLANG_WARN_STRICT_PROTOTYPES = YES;
				CLANG_WARN_SUSPICIOUS_MOVE = YES;
				CLANG_WARN_UNGUARDED_AVAILABILITY = YES_AGGRESSIVE;
				CLANG_WARN_UNREACHABLE_CODE = YES;
				CLANG_WARN__DUPLICATE_METHOD_MATCH = YES;
				COPY_PHASE_STRIP = NO;
				DEBUG_INFORMATION_FORMAT = dwarf;
				ENABLE_STRICT_OBJC_MSGSEND = YES;
				ENABLE_TESTABILITY = YES;
				ENABLE_USER_SCRIPT_SANDBOXING = YES;
				GCC_C_LANGUAGE_STANDARD = gnu11;
				GCC_DYNAMIC_NO_PIC = NO;
				GCC_NO_COMMON_BLOCKS = YES;
				GCC_OPTIMIZATION_LEVEL = 0;
				GCC_PREPROCESSOR_DEFINITIONS = (
					"DEBUG=1",
					"$(inherited)",
				);
				GCC_WARN_64_TO_32_BIT_CONVERSION = YES;
				GCC_WARN_ABOUT_RETURN_TYPE = YES_ERROR;
				GCC_WARN_UNDECLARED_SELECTOR = YES;
				GCC_WARN_UNINITIALIZED_AUTOS = YES_AGGRESSIVE;
				GCC_WARN_UNUSED_FUNCTION = YES;
				GCC_WARN_UNUSED_VARIABLE = YES;
				IPHONEOS_DEPLOYMENT_TARGET = 16.4;
				MTL_ENABLE_DEBUG_INFO = INCLUDE_SOURCE;
				MTL_FAST_MATH = YES;
				ONLY_ACTIVE_ARCH = YES;
				SDKROOT = iphoneos;
				SWIFT_ACTIVE_COMPILATION_CONDITIONS = DEBUG;
				SWIFT_OPTIMIZATION_LEVEL = "-Onone";
			};
			name = Debug;
		};
		647B8F2E2A73F61F0053AB9B /* Release */ = {
			isa = XCBuildConfiguration;
			buildSettings = {
				ALWAYS_SEARCH_USER_PATHS = NO;
				CLANG_ANALYZER_LOCALIZABILITY_NONLOCALIZED = YES;
				CLANG_ANALYZER_NONNULL = YES;
				CLANG_ANALYZER_NUMBER_OBJECT_CONVERSION = YES_AGGRESSIVE;
				CLANG_CXX_LANGUAGE_STANDARD = "gnu++20";
				CLANG_ENABLE_MODULES = YES;
				CLANG_ENABLE_OBJC_ARC = YES;
				CLANG_ENABLE_OBJC_WEAK = YES;
				CLANG_WARN_BLOCK_CAPTURE_AUTORELEASING = YES;
				CLANG_WARN_BOOL_CONVERSION = YES;
				CLANG_WARN_COMMA = YES;
				CLANG_WARN_CONSTANT_CONVERSION = YES;
				CLANG_WARN_DEPRECATED_OBJC_IMPLEMENTATIONS = YES;
				CLANG_WARN_DIRECT_OBJC_ISA_USAGE = YES_ERROR;
				CLANG_WARN_DOCUMENTATION_COMMENTS = YES;
				CLANG_WARN_EMPTY_BODY = YES;
				CLANG_WARN_ENUM_CONVERSION = YES;
				CLANG_WARN_INFINITE_RECURSION = YES;
				CLANG_WARN_INT_CONVERSION = YES;
				CLANG_WARN_NON_LITERAL_NULL_CONVERSION = YES;
				CLANG_WARN_OBJC_IMPLICIT_RETAIN_SELF = YES;
				CLANG_WARN_OBJC_LITERAL_CONVERSION = YES;
				CLANG_WARN_OBJC_ROOT_CLASS = YES_ERROR;
				CLANG_WARN_QUOTED_INCLUDE_IN_FRAMEWORK_HEADER = YES;
				CLANG_WARN_RANGE_LOOP_ANALYSIS = YES;
				CLANG_WARN_STRICT_PROTOTYPES = YES;
				CLANG_WARN_SUSPICIOUS_MOVE = YES;
				CLANG_WARN_UNGUARDED_AVAILABILITY = YES_AGGRESSIVE;
				CLANG_WARN_UNREACHABLE_CODE = YES;
				CLANG_WARN__DUPLICATE_METHOD_MATCH = YES;
				COPY_PHASE_STRIP = NO;
				DEBUG_INFORMATION_FORMAT = "dwarf-with-dsym";
				ENABLE_NS_ASSERTIONS = NO;
				ENABLE_STRICT_OBJC_MSGSEND = YES;
				ENABLE_USER_SCRIPT_SANDBOXING = YES;
				GCC_C_LANGUAGE_STANDARD = gnu11;
				GCC_NO_COMMON_BLOCKS = YES;
				GCC_WARN_64_TO_32_BIT_CONVERSION = YES;
				GCC_WARN_ABOUT_RETURN_TYPE = YES_ERROR;
				GCC_WARN_UNDECLARED_SELECTOR = YES;
				GCC_WARN_UNINITIALIZED_AUTOS = YES_AGGRESSIVE;
				GCC_WARN_UNUSED_FUNCTION = YES;
				GCC_WARN_UNUSED_VARIABLE = YES;
				IPHONEOS_DEPLOYMENT_TARGET = 16.4;
				MTL_ENABLE_DEBUG_INFO = NO;
				MTL_FAST_MATH = YES;
				SDKROOT = iphoneos;
				SWIFT_COMPILATION_MODE = wholemodule;
				SWIFT_OPTIMIZATION_LEVEL = "-O";
				VALIDATE_PRODUCT = YES;
			};
			name = Release;
		};
		647B8F302A73F61F0053AB9B /* Debug */ = {
			isa = XCBuildConfiguration;
			buildSettings = {
				ASSETCATALOG_COMPILER_APPICON_NAME = AppIcon;
				ASSETCATALOG_COMPILER_GLOBAL_ACCENT_COLOR_NAME = AccentColor;
				CODE_SIGN_STYLE = Automatic;
				CURRENT_PROJECT_VERSION = 1;
				DEVELOPMENT_TEAM = MQAY62GC84;
				GENERATE_INFOPLIST_FILE = YES;
				INFOPLIST_FILE = Verregular/Resources/Info.plist;
				INFOPLIST_KEY_CFBundleDisplayName = Verregular;
				INFOPLIST_KEY_LSApplicationCategoryType = "public.app-category.education";
				INFOPLIST_KEY_UIApplicationSupportsIndirectInputEvents = YES;
				INFOPLIST_KEY_UILaunchStoryboardName = LaunchScreen.storyboard;
				INFOPLIST_KEY_UISupportedInterfaceOrientations = UIInterfaceOrientationPortrait;
				IPHONEOS_DEPLOYMENT_TARGET = 15.0;
				LD_RUNPATH_SEARCH_PATHS = (
					"$(inherited)",
					"@executable_path/Frameworks",
				);
				MARKETING_VERSION = 1.0;
				PRODUCT_BUNDLE_IDENTIFIER = "Saint-Product.Verregular";
				PRODUCT_NAME = "$(TARGET_NAME)";
				SUPPORTED_PLATFORMS = "iphoneos iphonesimulator";
				SUPPORTS_MACCATALYST = NO;
				SUPPORTS_MAC_DESIGNED_FOR_IPHONE_IPAD = NO;
				SWIFT_EMIT_LOC_STRINGS = YES;
				SWIFT_VERSION = 5.0;
				TARGETED_DEVICE_FAMILY = 1;
			};
			name = Debug;
		};
		647B8F312A73F61F0053AB9B /* Release */ = {
			isa = XCBuildConfiguration;
			buildSettings = {
				ASSETCATALOG_COMPILER_APPICON_NAME = AppIcon;
				ASSETCATALOG_COMPILER_GLOBAL_ACCENT_COLOR_NAME = AccentColor;
				CODE_SIGN_STYLE = Automatic;
				CURRENT_PROJECT_VERSION = 1;
				DEVELOPMENT_TEAM = MQAY62GC84;
				GENERATE_INFOPLIST_FILE = YES;
				INFOPLIST_FILE = Verregular/Resources/Info.plist;
				INFOPLIST_KEY_CFBundleDisplayName = Verregular;
				INFOPLIST_KEY_LSApplicationCategoryType = "public.app-category.education";
				INFOPLIST_KEY_UIApplicationSupportsIndirectInputEvents = YES;
				INFOPLIST_KEY_UILaunchStoryboardName = LaunchScreen.storyboard;
				INFOPLIST_KEY_UISupportedInterfaceOrientations = UIInterfaceOrientationPortrait;
				IPHONEOS_DEPLOYMENT_TARGET = 15.0;
				LD_RUNPATH_SEARCH_PATHS = (
					"$(inherited)",
					"@executable_path/Frameworks",
				);
				MARKETING_VERSION = 1.0;
				PRODUCT_BUNDLE_IDENTIFIER = "Saint-Product.Verregular";
				PRODUCT_NAME = "$(TARGET_NAME)";
				SUPPORTED_PLATFORMS = "iphoneos iphonesimulator";
				SUPPORTS_MACCATALYST = NO;
				SUPPORTS_MAC_DESIGNED_FOR_IPHONE_IPAD = NO;
				SWIFT_EMIT_LOC_STRINGS = YES;
				SWIFT_VERSION = 5.0;
				TARGETED_DEVICE_FAMILY = 1;
			};
			name = Release;
		};
/* End XCBuildConfiguration section */

/* Begin XCConfigurationList section */
		647B8F162A73F61F0053AB9B /* Build configuration list for PBXProject "Verregular" */ = {
			isa = XCConfigurationList;
			buildConfigurations = (
				647B8F2D2A73F61F0053AB9B /* Debug */,
				647B8F2E2A73F61F0053AB9B /* Release */,
			);
			defaultConfigurationIsVisible = 0;
			defaultConfigurationName = Release;
		};
		647B8F2F2A73F61F0053AB9B /* Build configuration list for PBXNativeTarget "Verregular" */ = {
			isa = XCConfigurationList;
			buildConfigurations = (
				647B8F302A73F61F0053AB9B /* Debug */,
				647B8F312A73F61F0053AB9B /* Release */,
			);
			defaultConfigurationIsVisible = 0;
			defaultConfigurationName = Release;
		};
/* End XCConfigurationList section */

/* Begin XCRemoteSwiftPackageReference section */
		643477A82A74466800682B6F /* XCRemoteSwiftPackageReference "Snapkit" */ = {
			isa = XCRemoteSwiftPackageReference;
			repositoryURL = "https://github.com/SnapKit/Snapkit";
			requirement = {
				branch = develop;
				kind = branch;
			};
		};
/* End XCRemoteSwiftPackageReference section */

/* Begin XCSwiftPackageProductDependency section */
		643477A92A74466800682B6F /* SnapKit */ = {
			isa = XCSwiftPackageProductDependency;
			package = 643477A82A74466800682B6F /* XCRemoteSwiftPackageReference "Snapkit" */;
			productName = SnapKit;
		};
/* End XCSwiftPackageProductDependency section */
	};
	rootObject = 647B8F132A73F61F0053AB9B /* Project object */;
}
